// !$*UTF8*$!
{
	archiveVersion = 1;
	classes = {
	};
	objectVersion = 48;
	objects = {

/* Begin PBXBuildFile section */
		F6182C1B1F44317500DE2EE7 /* AppDelegate.swift in Sources */ = {isa = PBXBuildFile; fileRef = F6182C1A1F44317500DE2EE7 /* AppDelegate.swift */; };
		F6182C1D1F44317500DE2EE7 /* ViewController.swift in Sources */ = {isa = PBXBuildFile; fileRef = F6182C1C1F44317500DE2EE7 /* ViewController.swift */; };
		F6182C201F44317500DE2EE7 /* Main.storyboard in Resources */ = {isa = PBXBuildFile; fileRef = F6182C1E1F44317500DE2EE7 /* Main.storyboard */; };
		F6182C221F44317500DE2EE7 /* Assets.xcassets in Resources */ = {isa = PBXBuildFile; fileRef = F6182C211F44317500DE2EE7 /* Assets.xcassets */; };
		F6182C251F44317500DE2EE7 /* LaunchScreen.storyboard in Resources */ = {isa = PBXBuildFile; fileRef = F6182C231F44317500DE2EE7 /* LaunchScreen.storyboard */; };
		F6182C2D1F4448DD00DE2EE7 /* Minecraft.ttf in Resources */ = {isa = PBXBuildFile; fileRef = F6182C2C1F4448DD00DE2EE7 /* Minecraft.ttf */; };
		F6182C2F1F444A5000DE2EE7 /* btn.wav in Resources */ = {isa = PBXBuildFile; fileRef = F6182C2E1F444A5000DE2EE7 /* btn.wav */; };
/* End PBXBuildFile section */

/* Begin PBXFileReference section */
		F6182C171F44317500DE2EE7 /* RetroCalculator.app */ = {isa = PBXFileReference; explicitFileType = wrapper.application; includeInIndex = 0; path = RetroCalculator.app; sourceTree = BUILT_PRODUCTS_DIR; };
		F6182C1A1F44317500DE2EE7 /* AppDelegate.swift */ = {isa = PBXFileReference; lastKnownFileType = sourcecode.swift; path = AppDelegate.swift; sourceTree = "<group>"; };
		F6182C1C1F44317500DE2EE7 /* ViewController.swift */ = {isa = PBXFileReference; lastKnownFileType = sourcecode.swift; path = ViewController.swift; sourceTree = "<group>"; };
		F6182C1F1F44317500DE2EE7 /* Base */ = {isa = PBXFileReference; lastKnownFileType = file.storyboard; name = Base; path = Base.lproj/Main.storyboard; sourceTree = "<group>"; };
		F6182C211F44317500DE2EE7 /* Assets.xcassets */ = {isa = PBXFileReference; lastKnownFileType = folder.assetcatalog; path = Assets.xcassets; sourceTree = "<group>"; };
		F6182C241F44317500DE2EE7 /* Base */ = {isa = PBXFileReference; lastKnownFileType = file.storyboard; name = Base; path = Base.lproj/LaunchScreen.storyboard; sourceTree = "<group>"; };
		F6182C261F44317500DE2EE7 /* Info.plist */ = {isa = PBXFileReference; lastKnownFileType = text.plist.xml; path = Info.plist; sourceTree = "<group>"; };
		F6182C2C1F4448DD00DE2EE7 /* Minecraft.ttf */ = {isa = PBXFileReference; lastKnownFileType = file; path = Minecraft.ttf; sourceTree = "<group>"; };
		F6182C2E1F444A5000DE2EE7 /* btn.wav */ = {isa = PBXFileReference; lastKnownFileType = audio.wav; path = btn.wav; sourceTree = "<group>"; };
/* End PBXFileReference section */

/* Begin PBXFrameworksBuildPhase section */
		F6182C141F44317500DE2EE7 /* Frameworks */ = {
			isa = PBXFrameworksBuildPhase;
			buildActionMask = 2147483647;
			files = (
			);
			runOnlyForDeploymentPostprocessing = 0;
		};
/* End PBXFrameworksBuildPhase section */

/* Begin PBXGroup section */
		F6182C0E1F44317400DE2EE7 = {
			isa = PBXGroup;
			children = (
				F6182C191F44317500DE2EE7 /* RetroCalculator */,
				F6182C181F44317500DE2EE7 /* Products */,
			);
			sourceTree = "<group>";
		};
		F6182C181F44317500DE2EE7 /* Products */ = {
			isa = PBXGroup;
			children = (
				F6182C171F44317500DE2EE7 /* RetroCalculator.app */,
			);
			name = Products;
			sourceTree = "<group>";
		};
		F6182C191F44317500DE2EE7 /* RetroCalculator */ = {
			isa = PBXGroup;
			children = (
				F6182C2E1F444A5000DE2EE7 /* btn.wav */,
				F6182C2C1F4448DD00DE2EE7 /* Minecraft.ttf */,
				F6182C1A1F44317500DE2EE7 /* AppDelegate.swift */,
				F6182C1C1F44317500DE2EE7 /* ViewController.swift */,
				F6182C1E1F44317500DE2EE7 /* Main.storyboard */,
				F6182C211F44317500DE2EE7 /* Assets.xcassets */,
				F6182C231F44317500DE2EE7 /* LaunchScreen.storyboard */,
				F6182C261F44317500DE2EE7 /* Info.plist */,
			);
			path = RetroCalculator;
			sourceTree = "<group>";
		};
/* End PBXGroup section */

/* Begin PBXNativeTarget section */
		F6182C161F44317500DE2EE7 /* RetroCalculator */ = {
			isa = PBXNativeTarget;
			buildConfigurationList = F6182C291F44317500DE2EE7 /* Build configuration list for PBXNativeTarget "RetroCalculator" */;
			buildPhases = (
				F6182C131F44317500DE2EE7 /* Sources */,
				F6182C141F44317500DE2EE7 /* Frameworks */,
				F6182C151F44317500DE2EE7 /* Resources */,
			);
			buildRules = (
			);
			dependencies = (
			);
			name = RetroCalculator;
			productName = RetroCalculator;
			productReference = F6182C171F44317500DE2EE7 /* RetroCalculator.app */;
			productType = "com.apple.product-type.application";
		};
/* End PBXNativeTarget section */

/* Begin PBXProject section */
		F6182C0F1F44317400DE2EE7 /* Project object */ = {
			isa = PBXProject;
			attributes = {
				LastSwiftUpdateCheck = 0830;
				LastUpgradeCheck = 0830;
				ORGANIZATIONNAME = DewDrops;
				TargetAttributes = {
					F6182C161F44317500DE2EE7 = {
						CreatedOnToolsVersion = 8.3.3;
						ProvisioningStyle = Automatic;
					};
				};
			};
			buildConfigurationList = F6182C121F44317400DE2EE7 /* Build configuration list for PBXProject "RetroCalculator" */;
			compatibilityVersion = "Xcode 8.0";
			developmentRegion = English;
			hasScannedForEncodings = 0;
			knownRegions = (
				en,
				Base,
			);
			mainGroup = F6182C0E1F44317400DE2EE7;
			productRefGroup = F6182C181F44317500DE2EE7 /* Products */;
			projectDirPath = "";
			projectRoot = "";
			targets = (
				F6182C161F44317500DE2EE7 /* RetroCalculator */,
			);
		};
/* End PBXProject section */

/* Begin PBXResourcesBuildPhase section */
		F6182C151F44317500DE2EE7 /* Resources */ = {
			isa = PBXResourcesBuildPhase;
			buildActionMask = 2147483647;
			files = (
				F6182C2F1F444A5000DE2EE7 /* btn.wav in Resources */,
				F6182C251F44317500DE2EE7 /* LaunchScreen.storyboard in Resources */,
				F6182C221F44317500DE2EE7 /* Assets.xcassets in Resources */,
				F6182C2D1F4448DD00DE2EE7 /* Minecraft.ttf in Resources */,
				F6182C201F44317500DE2EE7 /* Main.storyboard in Resources */,
			);
			runOnlyForDeploymentPostprocessing = 0;
		};
/* End PBXResourcesBuildPhase section */

/* Begin PBXSourcesBuildPhase section */
		F6182C131F44317500DE2EE7 /* Sources */ = {
			isa = PBXSourcesBuildPhase;
			buildActionMask = 2147483647;
			files = (
				F6182C1D1F44317500DE2EE7 /* ViewController.swift in Sources */,
				F6182C1B1F44317500DE2EE7 /* AppDelegate.swift in Sources */,
			);
			runOnlyForDeploymentPostprocessing = 0;
		};
/* End PBXSourcesBuildPhase section */

/* Begin PBXVariantGroup section */
		F6182C1E1F44317500DE2EE7 /* Main.storyboard */ = {
			isa = PBXVariantGroup;
			children = (
				F6182C1F1F44317500DE2EE7 /* Base */,
			);
			name = Main.storyboard;
			sourceTree = "<group>";
		};
		F6182C231F44317500DE2EE7 /* LaunchScreen.storyboard */ = {
			isa = PBXVariantGroup;
			children = (
				F6182C241F44317500DE2EE7 /* Base */,
			);
			name = LaunchScreen.storyboard;
			sourceTree = "<group>";
		};
/* End PBXVariantGroup section */

/* Begin XCBuildConfiguration section */
		F6182C271F44317500DE2EE7 /* Debug */ = {
			isa = XCBuildConfiguration;
			buildSettings = {
				ALWAYS_SEARCH_USER_PATHS = NO;
				CLANG_ANALYZER_NONNULL = YES;
				CLANG_ANALYZER_NUMBER_OBJECT_CONVERSION = YES_AGGRESSIVE;
				CLANG_CXX_LANGUAGE_STANDARD = "gnu++0x";
				CLANG_CXX_LIBRARY = "libc++";
				CLANG_ENABLE_MODULES = YES;
				CLANG_ENABLE_OBJC_ARC = YES;
				CLANG_WARN_BOOL_CONVERSION = YES;
				CLANG_WARN_CONSTANT_CONVERSION = YES;
				CLANG_WARN_DIRECT_OBJC_ISA_USAGE = YES_ERROR;
				CLANG_WARN_DOCUMENTATION_COMMENTS = YES;
				CLANG_WARN_EMPTY_BODY = YES;
				CLANG_WARN_ENUM_CONVERSION = YES;
				CLANG_WARN_INFINITE_RECURSION = YES;
				CLANG_WARN_INT_CONVERSION = YES;
				CLANG_WARN_OBJC_ROOT_CLASS = YES_ERROR;
				CLANG_WARN_SUSPICIOUS_MOVE = YES;
				CLANG_WARN_UNREACHABLE_CODE = YES;
				CLANG_WARN__DUPLICATE_METHOD_MATCH = YES;
				"CODE_SIGN_IDENTITY[sdk=iphoneos*]" = "iPhone Developer";
				COPY_PHASE_STRIP = NO;
				DEBUG_INFORMATION_FORMAT = dwarf;
				ENABLE_STRICT_OBJC_MSGSEND = YES;
				ENABLE_TESTABILITY = YES;
				GCC_C_LANGUAGE_STANDARD = gnu99;
				GCC_DYNAMIC_NO_PIC = NO;
				GCC_NO_COMMON_BLOCKS = YES;
				GCC_OPTIMIZATION_LEVEL = 0;
				GCC_PREPROCESSOR_DEFINITIONS = (
					"DEBUG=1",
					"$(inherited)",
				);
				GCC_WARN_64_TO_32_BIT_CONVERSION = YES;
				GCC_WARN_ABOUT_RETURN_TYPE = YES_ERROR;
				GCC_WARN_UNDECLARED_SELECTOR = YES;
				GCC_WARN_UNINITIALIZED_AUTOS = YES_AGGRESSIVE;
				GCC_WARN_UNUSED_FUNCTION = YES;
				GCC_WARN_UNUSED_VARIABLE = YES;
				IPHONEOS_DEPLOYMENT_TARGET = 10.3;
				MTL_ENABLE_DEBUG_INFO = YES;
				ONLY_ACTIVE_ARCH = YES;
				SDKROOT = iphoneos;
				SWIFT_ACTIVE_COMPILATION_CONDITIONS = DEBUG;
				SWIFT_OPTIMIZATION_LEVEL = "-Onone";
				TARGETED_DEVICE_FAMILY = "1,2";
			};
			name = Debug;
		};
		F6182C281F44317500DE2EE7 /* Release */ = {
			isa = XCBuildConfiguration;
			buildSettings = {
				ALWAYS_SEARCH_USER_PATHS = NO;
				CLANG_ANALYZER_NONNULL = YES;
				CLANG_ANALYZER_NUMBER_OBJECT_CONVERSION = YES_AGGRESSIVE;
				CLANG_CXX_LANGUAGE_STANDARD = "gnu++0x";
				CLANG_CXX_LIBRARY = "libc++";
				CLANG_ENABLE_MODULES = YES;
				CLANG_ENABLE_OBJC_ARC = YES;
				CLANG_WARN_BOOL_CONVERSION = YES;
				CLANG_WARN_CONSTANT_CONVERSION = YES;
				CLANG_WARN_DIRECT_OBJC_ISA_USAGE = YES_ERROR;
				CLANG_WARN_DOCUMENTATION_COMMENTS = YES;
				CLANG_WARN_EMPTY_BODY = YES;
				CLANG_WARN_ENUM_CONVERSION = YES;
				CLANG_WARN_INFINITE_RECURSION = YES;
				CLANG_WARN_INT_CONVERSION = YES;
				CLANG_WARN_OBJC_ROOT_CLASS = YES_ERROR;
				CLANG_WARN_SUSPICIOUS_MOVE = YES;
				CLANG_WARN_UNREACHABLE_CODE = YES;
				CLANG_WARN__DUPLICATE_METHOD_MATCH = YES;
				"CODE_SIGN_IDENTITY[sdk=iphoneos*]" = "iPhone Developer";
				COPY_PHASE_STRIP = NO;
				DEBUG_INFORMATION_FORMAT = "dwarf-with-dsym";
				ENABLE_NS_ASSERTIONS = NO;
				ENABLE_STRICT_OBJC_MSGSEND = YES;
				GCC_C_LANGUAGE_STANDARD = gnu99;
				GCC_NO_COMMON_BLOCKS = YES;
				GCC_WARN_64_TO_32_BIT_CONVERSION = YES;
				GCC_WARN_ABOUT_RETURN_TYPE = YES_ERROR;
				GCC_WARN_UNDECLARED_SELECTOR = YES;
				GCC_WARN_UNINITIALIZED_AUTOS = YES_AGGRESSIVE;
				GCC_WARN_UNUSED_FUNCTION = YES;
				GCC_WARN_UNUSED_VARIABLE = YES;
				IPHONEOS_DEPLOYMENT_TARGET = 10.3;
				MTL_ENABLE_DEBUG_INFO = NO;
				SDKROOT = iphoneos;
				SWIFT_OPTIMIZATION_LEVEL = "-Owholemodule";
				TARGETED_DEVICE_FAMILY = "1,2";
				VALIDATE_PRODUCT = YES;
			};
			name = Release;
		};
		F6182C2A1F44317500DE2EE7 /* Debug */ = {
			isa = XCBuildConfiguration;
			buildSettings = {
				ASSETCATALOG_COMPILER_APPICON_NAME = AppIcon;
				DEVELOPMENT_TEAM = 8S9A67SJKZ;
				INFOPLIST_FILE = RetroCalculator/Info.plist;
				LD_RUNPATH_SEARCH_PATHS = "$(inherited) @executable_path/Frameworks";
				PRODUCT_BUNDLE_IDENTIFIER = com.dewdropsgames.RetroCalculator;
				PRODUCT_NAME = "$(TARGET_NAME)";
				SWIFT_VERSION = 3.0;
			};
			name = Debug;
		};
		F6182C2B1F44317500DE2EE7 /* Release */ = {
			isa = XCBuildConfiguration;
			buildSettings = {
				ASSETCATALOG_COMPILER_APPICON_NAME = AppIcon;
				DEVELOPMENT_TEAM = 8S9A67SJKZ;
				INFOPLIST_FILE = RetroCalculator/Info.plist;
				LD_RUNPATH_SEARCH_PATHS = "$(inherited) @executable_path/Frameworks";
				PRODUCT_BUNDLE_IDENTIFIER = com.dewdropsgames.RetroCalculator;
				PRODUCT_NAME = "$(TARGET_NAME)";
				SWIFT_VERSION = 3.0;
			};
			name = Release;
		};
/* End XCBuildConfiguration section */

/* Begin XCConfigurationList section */
		F6182C121F44317400DE2EE7 /* Build configuration list for PBXProject "RetroCalculator" */ = {
			isa = XCConfigurationList;
			buildConfigurations = (
				F6182C271F44317500DE2EE7 /* Debug */,
				F6182C281F44317500DE2EE7 /* Release */,
			);
			defaultConfigurationIsVisible = 0;
			defaultConfigurationName = Release;
		};
		F6182C291F44317500DE2EE7 /* Build configuration list for PBXNativeTarget "RetroCalculator" */ = {
			isa = XCConfigurationList;
			buildConfigurations = (
				F6182C2A1F44317500DE2EE7 /* Debug */,
				F6182C2B1F44317500DE2EE7 /* Release */,
			);
			defaultConfigurationIsVisible = 0;
		};
/* End XCConfigurationList section */
	};
	rootObject = F6182C0F1F44317400DE2EE7 /* Project object */;
}
